
Microsoft Visual Studio Solution File, Format Version 12.00
# Visual Studio Version 17
VisualStudioVersion = 17.4.33103.184
MinimumVisualStudioVersion = 10.0.40219.1
Project("{FAE04EC0-301F-11D3-BF4B-00C04F79EFBC}") = "AmmarahKader_XactERP_Project", "AmmarahKader_XactERP_Project\AmmarahKader_XactERP_Project.csproj", "{E731CBF4-6333-4853-8B95-B534194000EE}"
EndProject
Project("{2150E333-8FDC-42A3-9474-1A3956D46DE8}") = "Solution Items", "Solution Items", "{B2717D4B-20BD-4AF0-8E06-E17D48686108}"
	ProjectSection(SolutionItems) = preProject
		.editorconfig = .editorconfig
	EndProjectSection
EndProject
Global
	GlobalSection(SolutionConfigurationPlatforms) = preSolution
		Debug|Any CPU = Debug|Any CPU
		Release|Any CPU = Release|Any CPU
	EndGlobalSection
	GlobalSection(ProjectConfigurationPlatforms) = postSolution
		{E731CBF4-6333-4853-8B95-B534194000EE}.Debug|Any CPU.ActiveCfg = Debug|Any CPU
		{E731CBF4-6333-4853-8B95-B534194000EE}.Debug|Any CPU.Build.0 = Debug|Any CPU
		{E731CBF4-6333-4853-8B95-B534194000EE}.Release|Any CPU.ActiveCfg = Release|Any CPU
		{E731CBF4-6333-4853-8B95-B534194000EE}.Release|Any CPU.Build.0 = Release|Any CPU
	EndGlobalSection
	GlobalSection(SolutionProperties) = preSolution
		HideSolutionNode = FALSE
	EndGlobalSection
	GlobalSection(ExtensibilityGlobals) = postSolution
		SolutionGuid = {F30B36F7-86B1-4FAF-966B-BFF340787ED5}
	EndGlobalSection
EndGlobal
